# THIS IS AN AUTOGENERATED FILE. DO NOT EDIT THIS FILE DIRECTLY.
# yarn lockfile v1


mobx-async@^5.0.0:
  version "5.0.0"
  resolved "https://registry.yarnpkg.com/mobx-async/-/mobx-async-5.0.0.tgz#0ead3d6d37a1450ba24a95d4df38617cdc24a0cb"
  integrity sha512-pj1qVI9++URBrlcNuu9/yF/Ub9WTWr2UEdIdKO6BzNzL5Q1STOevh//BQnm5oJp8KCmT3LaZjG6bN36rrw57uQ==
  dependencies:
    mobx-utils "^5.4.1"

mobx-utils@^5.4.1:
  version "5.4.1"
  resolved "https://registry.yarnpkg.com/mobx-utils/-/mobx-utils-5.4.1.tgz#18ff5f9723b27e1ff50ae0b362938a4792eb077a"
  integrity sha512-u5BSvFiSx1ZkzBz/7V96RB7xWn7oOFwczI+AVi1v8TV8HbT8rXLco1Aqb87tEA8Jsc2e5uvTwHdYoiv81qspaA==

mobx@^5.13.0:
  version "5.13.0"
  resolved "https://registry.yarnpkg.com/mobx/-/mobx-5.13.0.tgz#0fd68f10aa5ff2d146a4ed9e145b53337cfbca59"
  integrity sha512-eSAntMSMNj0PFL705rgv+aB/z1RjNqDnFEpBe18yQVreXTWiVgIrmBUXzjnJfuba+eo4eAk6zi+/gXQkSUea8A==
